
Microsoft Visual Studio Solution File, Format Version 12.00
# Visual Studio Version 17
VisualStudioVersion = 17.11.35312.102
MinimumVisualStudioVersion = 10.0.40219.1
Project("{FAE04EC0-301F-11D3-BF4B-00C04F79EFBC}") = "AssignmentASPDOTNERCOREWEBAPI", "AssignmentASPDOTNERCOREWEBAPI.csproj", "{EC746DF7-62D9-453F-B51F-648944BB2FC2}"
EndProject
Global
	GlobalSection(SolutionConfigurationPlatforms) = preSolution
		Debug|Any CPU = Debug|Any CPU
		Release|Any CPU = Release|Any CPU
	EndGlobalSection
	GlobalSection(ProjectConfigurationPlatforms) = postSolution
		{EC746DF7-62D9-453F-B51F-648944BB2FC2}.Debug|Any CPU.ActiveCfg = Debug|Any CPU
		{EC746DF7-62D9-453F-B51F-648944BB2FC2}.Debug|Any CPU.Build.0 = Debug|Any CPU
		{EC746DF7-62D9-453F-B51F-648944BB2FC2}.Release|Any CPU.ActiveCfg = Release|Any CPU
		{EC746DF7-62D9-453F-B51F-648944BB2FC2}.Release|Any CPU.Build.0 = Release|Any CPU
	EndGlobalSection
	GlobalSection(SolutionProperties) = preSolution
		HideSolutionNode = FALSE
	EndGlobalSection
	GlobalSection(ExtensibilityGlobals) = postSolution
		SolutionGuid = {D3DB4138-322B-4987-9AEF-DE4FBE2F594A}
	EndGlobalSection
EndGlobal
